
Microsoft Visual Studio Solution File, Format Version 12.00
# Visual Studio Version 17
VisualStudioVersion = 17.9.34723.18
MinimumVisualStudioVersion = 10.0.40219.1
Project("{FAE04EC0-301F-11D3-BF4B-00C04F79EFBC}") = "Cursoback", "Cursoback\Cursoback.csproj", "{C6549935-0E3A-412F-9E41-D287996D24FB}"
EndProject
Global
	GlobalSection(SolutionConfigurationPlatforms) = preSolution
		Debug|Any CPU = Debug|Any CPU
		Release|Any CPU = Release|Any CPU
	EndGlobalSection
	GlobalSection(ProjectConfigurationPlatforms) = postSolution
		{C6549935-0E3A-412F-9E41-D287996D24FB}.Debug|Any CPU.ActiveCfg = Debug|Any CPU
		{C6549935-0E3A-412F-9E41-D287996D24FB}.Debug|Any CPU.Build.0 = Debug|Any CPU
		{C6549935-0E3A-412F-9E41-D287996D24FB}.Release|Any CPU.ActiveCfg = Release|Any CPU
		{C6549935-0E3A-412F-9E41-D287996D24FB}.Release|Any CPU.Build.0 = Release|Any CPU
	EndGlobalSection
	GlobalSection(SolutionProperties) = preSolution
		HideSolutionNode = FALSE
	EndGlobalSection
	GlobalSection(ExtensibilityGlobals) = postSolution
		SolutionGuid = {AAF5C1D0-E974-445D-83C2-549F10F01F31}
	EndGlobalSection
EndGlobal
